
Microsoft Visual Studio Solution File, Format Version 12.00
# Visual Studio Version 16
VisualStudioVersion = 16.0.31321.278
MinimumVisualStudioVersion = 10.0.40219.1
Project("{FAE04EC0-301F-11D3-BF4B-00C04F79EFBC}") = "01.SignOfIntNumbers", "MethodsLab\01.SignOfIntNumbers.csproj", "{8C1567BB-9B9A-4061-A052-5987DD4C4908}"
EndProject
Project("{FAE04EC0-301F-11D3-BF4B-00C04F79EFBC}") = "02.Grades", "02.Grades\02.Grades.csproj", "{C09F16DB-169F-40FA-A41C-7A021D5E4023}"
EndProject
Project("{FAE04EC0-301F-11D3-BF4B-00C04F79EFBC}") = "03.Calculations", "..\03.Calculations\03.Calculations\03.Calculations.csproj", "{26ABF439-26A8-4B94-96A7-809AFF9E6504}"
EndProject
Project("{FAE04EC0-301F-11D3-BF4B-00C04F79EFBC}") = "04.PrintingTriangle", "04.PrintingTriangle\04.PrintingTriangle.csproj", "{C91726F7-8489-49DC-8088-E31733F123EF}"
EndProject
Project("{FAE04EC0-301F-11D3-BF4B-00C04F79EFBC}") = "05.Order", "05.Order\05.Order.csproj", "{AD22926B-4A64-4ED3-95C1-62891B2F5566}"
EndProject
Project("{FAE04EC0-301F-11D3-BF4B-00C04F79EFBC}") = "06.RectangleArea", "06.RectangleArea\06.RectangleArea.csproj", "{8FE04971-C2A2-4825-BE3C-FA4D612C4377}"
EndProject
Project("{FAE04EC0-301F-11D3-BF4B-00C04F79EFBC}") = "07.ReturnString", "07.ReturnString\07.ReturnString.csproj", "{2D88A9BE-DE51-4A45-ADC2-A817A6610616}"
EndProject
Project("{FAE04EC0-301F-11D3-BF4B-00C04F79EFBC}") = "08.MathPower", "08.MathPower\08.MathPower.csproj", "{5FACE79D-C574-4560-B40A-889A2E8D4CCE}"
EndProject
Project("{FAE04EC0-301F-11D3-BF4B-00C04F79EFBC}") = "09.GreaterOfTwoValues", "09.GreaterOfTwoValues\09.GreaterOfTwoValues.csproj", "{8466E919-52C4-4791-9265-B393AA914568}"
EndProject
Project("{FAE04EC0-301F-11D3-BF4B-00C04F79EFBC}") = "10.MultiplySumOfEvenBySumOfOdd", "10.MultiplySumOfEvenBySumOfOdd\10.MultiplySumOfEvenBySumOfOdd.csproj", "{30B85F33-B6E4-4C83-A879-ED0E90180C2A}"
EndProject
Project("{FAE04EC0-301F-11D3-BF4B-00C04F79EFBC}") = "11.MathOperations", "11.MathOperations\11.MathOperations.csproj", "{A7292B91-43CE-49CE-BF48-B9ECAAC11C80}"
EndProject
Global
	GlobalSection(SolutionConfigurationPlatforms) = preSolution
		Debug|Any CPU = Debug|Any CPU
		Release|Any CPU = Release|Any CPU
	EndGlobalSection
	GlobalSection(ProjectConfigurationPlatforms) = postSolution
		{8C1567BB-9B9A-4061-A052-5987DD4C4908}.Debug|Any CPU.ActiveCfg = Debug|Any CPU
		{8C1567BB-9B9A-4061-A052-5987DD4C4908}.Debug|Any CPU.Build.0 = Debug|Any CPU
		{8C1567BB-9B9A-4061-A052-5987DD4C4908}.Release|Any CPU.ActiveCfg = Release|Any CPU
		{8C1567BB-9B9A-4061-A052-5987DD4C4908}.Release|Any CPU.Build.0 = Release|Any CPU
		{C09F16DB-169F-40FA-A41C-7A021D5E4023}.Debug|Any CPU.ActiveCfg = Debug|Any CPU
		{C09F16DB-169F-40FA-A41C-7A021D5E4023}.Debug|Any CPU.Build.0 = Debug|Any CPU
		{C09F16DB-169F-40FA-A41C-7A021D5E4023}.Release|Any CPU.ActiveCfg = Release|Any CPU
		{C09F16DB-169F-40FA-A41C-7A021D5E4023}.Release|Any CPU.Build.0 = Release|Any CPU
		{26ABF439-26A8-4B94-96A7-809AFF9E6504}.Debug|Any CPU.ActiveCfg = Debug|Any CPU
		{26ABF439-26A8-4B94-96A7-809AFF9E6504}.Debug|Any CPU.Build.0 = Debug|Any CPU
		{26ABF439-26A8-4B94-96A7-809AFF9E6504}.Release|Any CPU.ActiveCfg = Release|Any CPU
		{26ABF439-26A8-4B94-96A7-809AFF9E6504}.Release|Any CPU.Build.0 = Release|Any CPU
		{C91726F7-8489-49DC-8088-E31733F123EF}.Debug|Any CPU.ActiveCfg = Debug|Any CPU
		{C91726F7-8489-49DC-8088-E31733F123EF}.Debug|Any CPU.Build.0 = Debug|Any CPU
		{C91726F7-8489-49DC-8088-E31733F123EF}.Release|Any CPU.ActiveCfg = Release|Any CPU
		{C91726F7-8489-49DC-8088-E31733F123EF}.Release|Any CPU.Build.0 = Release|Any CPU
		{AD22926B-4A64-4ED3-95C1-62891B2F5566}.Debug|Any CPU.ActiveCfg = Debug|Any CPU
		{AD22926B-4A64-4ED3-95C1-62891B2F5566}.Debug|Any CPU.Build.0 = Debug|Any CPU
		{AD22926B-4A64-4ED3-95C1-62891B2F5566}.Release|Any CPU.ActiveCfg = Release|Any CPU
		{AD22926B-4A64-4ED3-95C1-62891B2F5566}.Release|Any CPU.Build.0 = Release|Any CPU
		{8FE04971-C2A2-4825-BE3C-FA4D612C4377}.Debug|Any CPU.ActiveCfg = Debug|Any CPU
		{8FE04971-C2A2-4825-BE3C-FA4D612C4377}.Debug|Any CPU.Build.0 = Debug|Any CPU
		{8FE04971-C2A2-4825-BE3C-FA4D612C4377}.Release|Any CPU.ActiveCfg = Release|Any CPU
		{8FE04971-C2A2-4825-BE3C-FA4D612C4377}.Release|Any CPU.Build.0 = Release|Any CPU
		{2D88A9BE-DE51-4A45-ADC2-A817A6610616}.Debug|Any CPU.ActiveCfg = Debug|Any CPU
		{2D88A9BE-DE51-4A45-ADC2-A817A6610616}.Debug|Any CPU.Build.0 = Debug|Any CPU
		{2D88A9BE-DE51-4A45-ADC2-A817A6610616}.Release|Any CPU.ActiveCfg = Release|Any CPU
		{2D88A9BE-DE51-4A45-ADC2-A817A6610616}.Release|Any CPU.Build.0 = Release|Any CPU
		{5FACE79D-C574-4560-B40A-889A2E8D4CCE}.Debug|Any CPU.ActiveCfg = Debug|Any CPU
		{5FACE79D-C574-4560-B40A-889A2E8D4CCE}.Debug|Any CPU.Build.0 = Debug|Any CPU
		{5FACE79D-C574-4560-B40A-889A2E8D4CCE}.Release|Any CPU.ActiveCfg = Release|Any CPU
		{5FACE79D-C574-4560-B40A-889A2E8D4CCE}.Release|Any CPU.Build.0 = Release|Any CPU
		{8466E919-52C4-4791-9265-B393AA914568}.Debug|Any CPU.ActiveCfg = Debug|Any CPU
		{8466E919-52C4-4791-9265-B393AA914568}.Debug|Any CPU.Build.0 = Debug|Any CPU
		{8466E919-52C4-4791-9265-B393AA914568}.Release|Any CPU.ActiveCfg = Release|Any CPU
		{8466E919-52C4-4791-9265-B393AA914568}.Release|Any CPU.Build.0 = Release|Any CPU
		{30B85F33-B6E4-4C83-A879-ED0E90180C2A}.Debug|Any CPU.ActiveCfg = Debug|Any CPU
		{30B85F33-B6E4-4C83-A879-ED0E90180C2A}.Debug|Any CPU.Build.0 = Debug|Any CPU
		{30B85F33-B6E4-4C83-A879-ED0E90180C2A}.Release|Any CPU.ActiveCfg = Release|Any CPU
		{30B85F33-B6E4-4C83-A879-ED0E90180C2A}.Release|Any CPU.Build.0 = Release|Any CPU
		{A7292B91-43CE-49CE-BF48-B9ECAAC11C80}.Debug|Any CPU.ActiveCfg = Debug|Any CPU
		{A7292B91-43CE-49CE-BF48-B9ECAAC11C80}.Debug|Any CPU.Build.0 = Debug|Any CPU
		{A7292B91-43CE-49CE-BF48-B9ECAAC11C80}.Release|Any CPU.ActiveCfg = Release|Any CPU
		{A7292B91-43CE-49CE-BF48-B9ECAAC11C80}.Release|Any CPU.Build.0 = Release|Any CPU
	EndGlobalSection
	GlobalSection(SolutionProperties) = preSolution
		HideSolutionNode = FALSE
	EndGlobalSection
	GlobalSection(ExtensibilityGlobals) = postSolution
		SolutionGuid = {3899C264-A598-46CD-B6B9-5855E85904E9}
	EndGlobalSection
EndGlobal
