
Microsoft Visual Studio Solution File, Format Version 12.00
# Visual Studio Version 16
VisualStudioVersion = 16.0.31321.278
MinimumVisualStudioVersion = 10.0.40219.1
Project("{FAE04EC0-301F-11D3-BF4B-00C04F79EFBC}") = "ArrayManipulator", "ArrayManipulator\ArrayManipulator.csproj", "{4341F60E-FB9C-46B5-944C-5C1656B331DD}"
EndProject
Project("{FAE04EC0-301F-11D3-BF4B-00C04F79EFBC}") = "array", "array\array.csproj", "{4F83FAA5-5A6D-4938-8918-2CBE82D00A9F}"
EndProject
Global
	GlobalSection(SolutionConfigurationPlatforms) = preSolution
		Debug|Any CPU = Debug|Any CPU
		Release|Any CPU = Release|Any CPU
	EndGlobalSection
	GlobalSection(ProjectConfigurationPlatforms) = postSolution
		{4341F60E-FB9C-46B5-944C-5C1656B331DD}.Debug|Any CPU.ActiveCfg = Debug|Any CPU
		{4341F60E-FB9C-46B5-944C-5C1656B331DD}.Debug|Any CPU.Build.0 = Debug|Any CPU
		{4341F60E-FB9C-46B5-944C-5C1656B331DD}.Release|Any CPU.ActiveCfg = Release|Any CPU
		{4341F60E-FB9C-46B5-944C-5C1656B331DD}.Release|Any CPU.Build.0 = Release|Any CPU
		{4F83FAA5-5A6D-4938-8918-2CBE82D00A9F}.Debug|Any CPU.ActiveCfg = Debug|Any CPU
		{4F83FAA5-5A6D-4938-8918-2CBE82D00A9F}.Debug|Any CPU.Build.0 = Debug|Any CPU
		{4F83FAA5-5A6D-4938-8918-2CBE82D00A9F}.Release|Any CPU.ActiveCfg = Release|Any CPU
		{4F83FAA5-5A6D-4938-8918-2CBE82D00A9F}.Release|Any CPU.Build.0 = Release|Any CPU
	EndGlobalSection
	GlobalSection(SolutionProperties) = preSolution
		HideSolutionNode = FALSE
	EndGlobalSection
	GlobalSection(ExtensibilityGlobals) = postSolution
		SolutionGuid = {C8BF1BE1-9DEB-4EE6-91E2-9633163F0D5A}
	EndGlobalSection
EndGlobal
