
Microsoft Visual Studio Solution File, Format Version 12.00
# Visual Studio Version 16
VisualStudioVersion = 16.0.31321.278
MinimumVisualStudioVersion = 10.0.40219.1
Project("{FAE04EC0-301F-11D3-BF4B-00C04F79EFBC}") = "01.ExtractPersonalInfo", "TxtProcessMoreEx\01.ExtractPersonalInfo.csproj", "{705CEFC0-A420-4E27-880D-A18913193CE6}"
EndProject
Project("{FAE04EC0-301F-11D3-BF4B-00C04F79EFBC}") = "02.AsciiSimulator", "02.AsciiSimulator\02.AsciiSimulator.csproj", "{0D1DB2FB-9882-4591-84A1-CB52F1DEE9DE}"
EndProject
Project("{FAE04EC0-301F-11D3-BF4B-00C04F79EFBC}") = "03.TreasureFinder", "03.TreasureFinder\03.TreasureFinder.csproj", "{03229355-B243-4F9E-983C-BCF729EC0954}"
EndProject
Global
	GlobalSection(SolutionConfigurationPlatforms) = preSolution
		Debug|Any CPU = Debug|Any CPU
		Release|Any CPU = Release|Any CPU
	EndGlobalSection
	GlobalSection(ProjectConfigurationPlatforms) = postSolution
		{705CEFC0-A420-4E27-880D-A18913193CE6}.Debug|Any CPU.ActiveCfg = Debug|Any CPU
		{705CEFC0-A420-4E27-880D-A18913193CE6}.Debug|Any CPU.Build.0 = Debug|Any CPU
		{705CEFC0-A420-4E27-880D-A18913193CE6}.Release|Any CPU.ActiveCfg = Release|Any CPU
		{705CEFC0-A420-4E27-880D-A18913193CE6}.Release|Any CPU.Build.0 = Release|Any CPU
		{0D1DB2FB-9882-4591-84A1-CB52F1DEE9DE}.Debug|Any CPU.ActiveCfg = Debug|Any CPU
		{0D1DB2FB-9882-4591-84A1-CB52F1DEE9DE}.Debug|Any CPU.Build.0 = Debug|Any CPU
		{0D1DB2FB-9882-4591-84A1-CB52F1DEE9DE}.Release|Any CPU.ActiveCfg = Release|Any CPU
		{0D1DB2FB-9882-4591-84A1-CB52F1DEE9DE}.Release|Any CPU.Build.0 = Release|Any CPU
		{03229355-B243-4F9E-983C-BCF729EC0954}.Debug|Any CPU.ActiveCfg = Debug|Any CPU
		{03229355-B243-4F9E-983C-BCF729EC0954}.Debug|Any CPU.Build.0 = Debug|Any CPU
		{03229355-B243-4F9E-983C-BCF729EC0954}.Release|Any CPU.ActiveCfg = Release|Any CPU
		{03229355-B243-4F9E-983C-BCF729EC0954}.Release|Any CPU.Build.0 = Release|Any CPU
	EndGlobalSection
	GlobalSection(SolutionProperties) = preSolution
		HideSolutionNode = FALSE
	EndGlobalSection
	GlobalSection(ExtensibilityGlobals) = postSolution
		SolutionGuid = {8D2DA0F7-44BC-4B25-9541-E471DC5B4846}
	EndGlobalSection
EndGlobal
