
Microsoft Visual Studio Solution File, Format Version 12.00
# Visual Studio Version 16
VisualStudioVersion = 16.0.31321.278
MinimumVisualStudioVersion = 10.0.40219.1
Project("{9A19103F-16F7-4668-BE54-9A1E7A4F7556}") = "01.CountChars", "AssociateArrayExercise\01.CountChars.csproj", "{1F832835-615F-4BCC-B719-780822693B5F}"
EndProject
Project("{9A19103F-16F7-4668-BE54-9A1E7A4F7556}") = "02.AMinerTask", "02.AMinerTask\02.AMinerTask.csproj", "{C57988E3-8846-4FCE-BD06-516D819E414D}"
EndProject
Project("{9A19103F-16F7-4668-BE54-9A1E7A4F7556}") = "03.LegendaryFarming", "03.LegendaryFarming\03.LegendaryFarming.csproj", "{8DEE0AFE-7132-440A-B25E-0723F034EFA2}"
EndProject
Project("{9A19103F-16F7-4668-BE54-9A1E7A4F7556}") = "04.Orders", "04.Orders\04.Orders.csproj", "{5A9190AD-BCF7-4F19-B0E3-79DDD97DD4E2}"
EndProject
Project("{9A19103F-16F7-4668-BE54-9A1E7A4F7556}") = "05.SoftuniParking", "05.SoftuniParking\05.SoftuniParking.csproj", "{8F0883F9-FAB3-438B-B663-21F77F9777AB}"
EndProject
Project("{9A19103F-16F7-4668-BE54-9A1E7A4F7556}") = "06.Courses", "06.Courses\06.Courses.csproj", "{8F3DD2A1-9794-480F-ABFE-1F7626EFAD38}"
EndProject
Project("{FAE04EC0-301F-11D3-BF4B-00C04F79EFBC}") = "07.StudentAcademy", "07.StudentAcademy\07.StudentAcademy.csproj", "{A9BF1564-127C-48B1-88FE-EB3D1219DF2C}"
EndProject
Project("{FAE04EC0-301F-11D3-BF4B-00C04F79EFBC}") = "08.CompanyUsers", "08.CompanyUsers\08.CompanyUsers.csproj", "{62884E80-46F6-4AE3-8FF5-533AB4C100C8}"
EndProject
Global
	GlobalSection(SolutionConfigurationPlatforms) = preSolution
		Debug|Any CPU = Debug|Any CPU
		Release|Any CPU = Release|Any CPU
	EndGlobalSection
	GlobalSection(ProjectConfigurationPlatforms) = postSolution
		{1F832835-615F-4BCC-B719-780822693B5F}.Debug|Any CPU.ActiveCfg = Debug|Any CPU
		{1F832835-615F-4BCC-B719-780822693B5F}.Debug|Any CPU.Build.0 = Debug|Any CPU
		{1F832835-615F-4BCC-B719-780822693B5F}.Release|Any CPU.ActiveCfg = Release|Any CPU
		{1F832835-615F-4BCC-B719-780822693B5F}.Release|Any CPU.Build.0 = Release|Any CPU
		{C57988E3-8846-4FCE-BD06-516D819E414D}.Debug|Any CPU.ActiveCfg = Debug|Any CPU
		{C57988E3-8846-4FCE-BD06-516D819E414D}.Debug|Any CPU.Build.0 = Debug|Any CPU
		{C57988E3-8846-4FCE-BD06-516D819E414D}.Release|Any CPU.ActiveCfg = Release|Any CPU
		{C57988E3-8846-4FCE-BD06-516D819E414D}.Release|Any CPU.Build.0 = Release|Any CPU
		{8DEE0AFE-7132-440A-B25E-0723F034EFA2}.Debug|Any CPU.ActiveCfg = Debug|Any CPU
		{8DEE0AFE-7132-440A-B25E-0723F034EFA2}.Debug|Any CPU.Build.0 = Debug|Any CPU
		{8DEE0AFE-7132-440A-B25E-0723F034EFA2}.Release|Any CPU.ActiveCfg = Release|Any CPU
		{8DEE0AFE-7132-440A-B25E-0723F034EFA2}.Release|Any CPU.Build.0 = Release|Any CPU
		{5A9190AD-BCF7-4F19-B0E3-79DDD97DD4E2}.Debug|Any CPU.ActiveCfg = Debug|Any CPU
		{5A9190AD-BCF7-4F19-B0E3-79DDD97DD4E2}.Debug|Any CPU.Build.0 = Debug|Any CPU
		{5A9190AD-BCF7-4F19-B0E3-79DDD97DD4E2}.Release|Any CPU.ActiveCfg = Release|Any CPU
		{5A9190AD-BCF7-4F19-B0E3-79DDD97DD4E2}.Release|Any CPU.Build.0 = Release|Any CPU
		{8F0883F9-FAB3-438B-B663-21F77F9777AB}.Debug|Any CPU.ActiveCfg = Debug|Any CPU
		{8F0883F9-FAB3-438B-B663-21F77F9777AB}.Debug|Any CPU.Build.0 = Debug|Any CPU
		{8F0883F9-FAB3-438B-B663-21F77F9777AB}.Release|Any CPU.ActiveCfg = Release|Any CPU
		{8F0883F9-FAB3-438B-B663-21F77F9777AB}.Release|Any CPU.Build.0 = Release|Any CPU
		{8F3DD2A1-9794-480F-ABFE-1F7626EFAD38}.Debug|Any CPU.ActiveCfg = Debug|Any CPU
		{8F3DD2A1-9794-480F-ABFE-1F7626EFAD38}.Debug|Any CPU.Build.0 = Debug|Any CPU
		{8F3DD2A1-9794-480F-ABFE-1F7626EFAD38}.Release|Any CPU.ActiveCfg = Release|Any CPU
		{8F3DD2A1-9794-480F-ABFE-1F7626EFAD38}.Release|Any CPU.Build.0 = Release|Any CPU
		{A9BF1564-127C-48B1-88FE-EB3D1219DF2C}.Debug|Any CPU.ActiveCfg = Debug|Any CPU
		{A9BF1564-127C-48B1-88FE-EB3D1219DF2C}.Debug|Any CPU.Build.0 = Debug|Any CPU
		{A9BF1564-127C-48B1-88FE-EB3D1219DF2C}.Release|Any CPU.ActiveCfg = Release|Any CPU
		{A9BF1564-127C-48B1-88FE-EB3D1219DF2C}.Release|Any CPU.Build.0 = Release|Any CPU
		{62884E80-46F6-4AE3-8FF5-533AB4C100C8}.Debug|Any CPU.ActiveCfg = Debug|Any CPU
		{62884E80-46F6-4AE3-8FF5-533AB4C100C8}.Debug|Any CPU.Build.0 = Debug|Any CPU
		{62884E80-46F6-4AE3-8FF5-533AB4C100C8}.Release|Any CPU.ActiveCfg = Release|Any CPU
		{62884E80-46F6-4AE3-8FF5-533AB4C100C8}.Release|Any CPU.Build.0 = Release|Any CPU
	EndGlobalSection
	GlobalSection(SolutionProperties) = preSolution
		HideSolutionNode = FALSE
	EndGlobalSection
	GlobalSection(ExtensibilityGlobals) = postSolution
		SolutionGuid = {CEEADE03-BAE6-4D47-920F-4B5CC8329E80}
	EndGlobalSection
EndGlobal
