
Microsoft Visual Studio Solution File, Format Version 12.00
# Visual Studio Version 16
VisualStudioVersion = 16.0.31321.278
MinimumVisualStudioVersion = 10.0.40219.1
Project("{FAE04EC0-301F-11D3-BF4B-00C04F79EFBC}") = "01.CompanyRoster", "ObjMoreEx\01.CompanyRoster.csproj", "{D4483D4E-F70E-4BFB-9C55-254C6962CABE}"
EndProject
Project("{FAE04EC0-301F-11D3-BF4B-00C04F79EFBC}") = "02.OldestFamMember", "02.OldestFamMember\02.OldestFamMember.csproj", "{40BAD34B-0D26-478D-A3C6-F9C13588F153}"
EndProject
Project("{FAE04EC0-301F-11D3-BF4B-00C04F79EFBC}") = "03.SpeedRacing", "test\03.SpeedRacing.csproj", "{5042D6DC-9117-4176-9708-528D4D7BF286}"
EndProject
Project("{FAE04EC0-301F-11D3-BF4B-00C04F79EFBC}") = "04.RawData", "04.RawData\04.RawData.csproj", "{1D5D76A0-7A33-4854-A0CD-A5B1F4B9916B}"
EndProject
Project("{FAE04EC0-301F-11D3-BF4B-00C04F79EFBC}") = "05.ShoppingSpree", "05.ShoppingSpree\05.ShoppingSpree.csproj", "{37C6ED24-C962-4180-B400-5BF8B7474FAA}"
EndProject
Global
	GlobalSection(SolutionConfigurationPlatforms) = preSolution
		Debug|Any CPU = Debug|Any CPU
		Release|Any CPU = Release|Any CPU
	EndGlobalSection
	GlobalSection(ProjectConfigurationPlatforms) = postSolution
		{D4483D4E-F70E-4BFB-9C55-254C6962CABE}.Debug|Any CPU.ActiveCfg = Debug|Any CPU
		{D4483D4E-F70E-4BFB-9C55-254C6962CABE}.Debug|Any CPU.Build.0 = Debug|Any CPU
		{D4483D4E-F70E-4BFB-9C55-254C6962CABE}.Release|Any CPU.ActiveCfg = Release|Any CPU
		{D4483D4E-F70E-4BFB-9C55-254C6962CABE}.Release|Any CPU.Build.0 = Release|Any CPU
		{40BAD34B-0D26-478D-A3C6-F9C13588F153}.Debug|Any CPU.ActiveCfg = Debug|Any CPU
		{40BAD34B-0D26-478D-A3C6-F9C13588F153}.Debug|Any CPU.Build.0 = Debug|Any CPU
		{40BAD34B-0D26-478D-A3C6-F9C13588F153}.Release|Any CPU.ActiveCfg = Release|Any CPU
		{40BAD34B-0D26-478D-A3C6-F9C13588F153}.Release|Any CPU.Build.0 = Release|Any CPU
		{5042D6DC-9117-4176-9708-528D4D7BF286}.Debug|Any CPU.ActiveCfg = Debug|Any CPU
		{5042D6DC-9117-4176-9708-528D4D7BF286}.Debug|Any CPU.Build.0 = Debug|Any CPU
		{5042D6DC-9117-4176-9708-528D4D7BF286}.Release|Any CPU.ActiveCfg = Release|Any CPU
		{5042D6DC-9117-4176-9708-528D4D7BF286}.Release|Any CPU.Build.0 = Release|Any CPU
		{1D5D76A0-7A33-4854-A0CD-A5B1F4B9916B}.Debug|Any CPU.ActiveCfg = Debug|Any CPU
		{1D5D76A0-7A33-4854-A0CD-A5B1F4B9916B}.Debug|Any CPU.Build.0 = Debug|Any CPU
		{1D5D76A0-7A33-4854-A0CD-A5B1F4B9916B}.Release|Any CPU.ActiveCfg = Release|Any CPU
		{1D5D76A0-7A33-4854-A0CD-A5B1F4B9916B}.Release|Any CPU.Build.0 = Release|Any CPU
		{37C6ED24-C962-4180-B400-5BF8B7474FAA}.Debug|Any CPU.ActiveCfg = Debug|Any CPU
		{37C6ED24-C962-4180-B400-5BF8B7474FAA}.Debug|Any CPU.Build.0 = Debug|Any CPU
		{37C6ED24-C962-4180-B400-5BF8B7474FAA}.Release|Any CPU.ActiveCfg = Release|Any CPU
		{37C6ED24-C962-4180-B400-5BF8B7474FAA}.Release|Any CPU.Build.0 = Release|Any CPU
	EndGlobalSection
	GlobalSection(SolutionProperties) = preSolution
		HideSolutionNode = FALSE
	EndGlobalSection
	GlobalSection(ExtensibilityGlobals) = postSolution
		SolutionGuid = {6AEF388E-33E2-43C1-9C30-222416900AC6}
	EndGlobalSection
EndGlobal
