
Microsoft Visual Studio Solution File, Format Version 12.00
# Visual Studio Version 16
VisualStudioVersion = 16.0.31321.278
MinimumVisualStudioVersion = 10.0.40219.1
Project("{9A19103F-16F7-4668-BE54-9A1E7A4F7556}") = "02.CenterPoint", "MethodsMoreExercise\02.CenterPoint.csproj", "{9E9B09C3-4320-44BC-8D57-14A2EB54CB9E}"
EndProject
Project("{9A19103F-16F7-4668-BE54-9A1E7A4F7556}") = "04.Fibonacci", "04.Fibonacci\04.Fibonacci.csproj", "{1A875BA4-ABA7-49A4-AEF1-F06ADBD3DE9B}"
EndProject
Project("{9A19103F-16F7-4668-BE54-9A1E7A4F7556}") = "05.MultiplicationSign", "05.MultiplicationSign\05.MultiplicationSign.csproj", "{BF302915-5CC6-4148-BE3F-953874B95547}"
EndProject
Project("{FAE04EC0-301F-11D3-BF4B-00C04F79EFBC}") = "03.LongerLine", "03.LongerLine\03.LongerLine.csproj", "{81BACCA6-018C-4D35-A38A-6A705E907C05}"
EndProject
Global
	GlobalSection(SolutionConfigurationPlatforms) = preSolution
		Debug|Any CPU = Debug|Any CPU
		Release|Any CPU = Release|Any CPU
	EndGlobalSection
	GlobalSection(ProjectConfigurationPlatforms) = postSolution
		{9E9B09C3-4320-44BC-8D57-14A2EB54CB9E}.Debug|Any CPU.ActiveCfg = Debug|Any CPU
		{9E9B09C3-4320-44BC-8D57-14A2EB54CB9E}.Debug|Any CPU.Build.0 = Debug|Any CPU
		{9E9B09C3-4320-44BC-8D57-14A2EB54CB9E}.Release|Any CPU.ActiveCfg = Release|Any CPU
		{9E9B09C3-4320-44BC-8D57-14A2EB54CB9E}.Release|Any CPU.Build.0 = Release|Any CPU
		{1A875BA4-ABA7-49A4-AEF1-F06ADBD3DE9B}.Debug|Any CPU.ActiveCfg = Debug|Any CPU
		{1A875BA4-ABA7-49A4-AEF1-F06ADBD3DE9B}.Debug|Any CPU.Build.0 = Debug|Any CPU
		{1A875BA4-ABA7-49A4-AEF1-F06ADBD3DE9B}.Release|Any CPU.ActiveCfg = Release|Any CPU
		{1A875BA4-ABA7-49A4-AEF1-F06ADBD3DE9B}.Release|Any CPU.Build.0 = Release|Any CPU
		{BF302915-5CC6-4148-BE3F-953874B95547}.Debug|Any CPU.ActiveCfg = Debug|Any CPU
		{BF302915-5CC6-4148-BE3F-953874B95547}.Debug|Any CPU.Build.0 = Debug|Any CPU
		{BF302915-5CC6-4148-BE3F-953874B95547}.Release|Any CPU.ActiveCfg = Release|Any CPU
		{BF302915-5CC6-4148-BE3F-953874B95547}.Release|Any CPU.Build.0 = Release|Any CPU
		{81BACCA6-018C-4D35-A38A-6A705E907C05}.Debug|Any CPU.ActiveCfg = Debug|Any CPU
		{81BACCA6-018C-4D35-A38A-6A705E907C05}.Debug|Any CPU.Build.0 = Debug|Any CPU
		{81BACCA6-018C-4D35-A38A-6A705E907C05}.Release|Any CPU.ActiveCfg = Release|Any CPU
		{81BACCA6-018C-4D35-A38A-6A705E907C05}.Release|Any CPU.Build.0 = Release|Any CPU
	EndGlobalSection
	GlobalSection(SolutionProperties) = preSolution
		HideSolutionNode = FALSE
	EndGlobalSection
	GlobalSection(ExtensibilityGlobals) = postSolution
		SolutionGuid = {3ACE7F41-B190-40AA-89CB-CFF72A447CBF}
	EndGlobalSection
EndGlobal
